
Microsoft Visual Studio Solution File, Format Version 12.00
# Visual Studio Version 17
VisualStudioVersion = 17.0.31903.59
MinimumVisualStudioVersion = 10.0.40219.1
Project("{2150E333-8FDC-42A3-9474-1A3956D46DE8}") = "src", "src", "{827E0CD3-B72D-47B6-A68D-7590B98EB39B}"
EndProject
Project("{FAE04EC0-301F-11D3-BF4B-00C04F79EFBC}") = "WS.Domain", "src\WS.Domain\WS.Domain.csproj", "{A168FCC5-6F77-4BC2-979C-FF4116B52B95}"
EndProject
Project("{FAE04EC0-301F-11D3-BF4B-00C04F79EFBC}") = "WS.Infrastructure", "src\WS.Infrastructure\WS.Infrastructure.csproj", "{6190B3E1-E1F5-48F0-94F7-8D3AF3293801}"
EndProject
Project("{FAE04EC0-301F-11D3-BF4B-00C04F79EFBC}") = "WS.Presentation", "src\WS.Presentation\WS.Presentation.csproj", "{1A1FD06B-5E99-4CA6-8FDC-5796F07B1509}"
EndProject
Global
	GlobalSection(SolutionConfigurationPlatforms) = preSolution
		Debug|Any CPU = Debug|Any CPU
		Debug|x64 = Debug|x64
		Debug|x86 = Debug|x86
		Release|Any CPU = Release|Any CPU
		Release|x64 = Release|x64
		Release|x86 = Release|x86
	EndGlobalSection
	GlobalSection(ProjectConfigurationPlatforms) = postSolution
		{A168FCC5-6F77-4BC2-979C-FF4116B52B95}.Debug|Any CPU.ActiveCfg = Debug|Any CPU
		{A168FCC5-6F77-4BC2-979C-FF4116B52B95}.Debug|Any CPU.Build.0 = Debug|Any CPU
		{A168FCC5-6F77-4BC2-979C-FF4116B52B95}.Debug|x64.ActiveCfg = Debug|Any CPU
		{A168FCC5-6F77-4BC2-979C-FF4116B52B95}.Debug|x64.Build.0 = Debug|Any CPU
		{A168FCC5-6F77-4BC2-979C-FF4116B52B95}.Debug|x86.ActiveCfg = Debug|Any CPU
		{A168FCC5-6F77-4BC2-979C-FF4116B52B95}.Debug|x86.Build.0 = Debug|Any CPU
		{A168FCC5-6F77-4BC2-979C-FF4116B52B95}.Release|Any CPU.ActiveCfg = Release|Any CPU
		{A168FCC5-6F77-4BC2-979C-FF4116B52B95}.Release|Any CPU.Build.0 = Release|Any CPU
		{A168FCC5-6F77-4BC2-979C-FF4116B52B95}.Release|x64.ActiveCfg = Release|Any CPU
		{A168FCC5-6F77-4BC2-979C-FF4116B52B95}.Release|x64.Build.0 = Release|Any CPU
		{A168FCC5-6F77-4BC2-979C-FF4116B52B95}.Release|x86.ActiveCfg = Release|Any CPU
		{A168FCC5-6F77-4BC2-979C-FF4116B52B95}.Release|x86.Build.0 = Release|Any CPU
		{6190B3E1-E1F5-48F0-94F7-8D3AF3293801}.Debug|Any CPU.ActiveCfg = Debug|Any CPU
		{6190B3E1-E1F5-48F0-94F7-8D3AF3293801}.Debug|Any CPU.Build.0 = Debug|Any CPU
		{6190B3E1-E1F5-48F0-94F7-8D3AF3293801}.Debug|x64.ActiveCfg = Debug|Any CPU
		{6190B3E1-E1F5-48F0-94F7-8D3AF3293801}.Debug|x64.Build.0 = Debug|Any CPU
		{6190B3E1-E1F5-48F0-94F7-8D3AF3293801}.Debug|x86.ActiveCfg = Debug|Any CPU
		{6190B3E1-E1F5-48F0-94F7-8D3AF3293801}.Debug|x86.Build.0 = Debug|Any CPU
		{6190B3E1-E1F5-48F0-94F7-8D3AF3293801}.Release|Any CPU.ActiveCfg = Release|Any CPU
		{6190B3E1-E1F5-48F0-94F7-8D3AF3293801}.Release|Any CPU.Build.0 = Release|Any CPU
		{6190B3E1-E1F5-48F0-94F7-8D3AF3293801}.Release|x64.ActiveCfg = Release|Any CPU
		{6190B3E1-E1F5-48F0-94F7-8D3AF3293801}.Release|x64.Build.0 = Release|Any CPU
		{6190B3E1-E1F5-48F0-94F7-8D3AF3293801}.Release|x86.ActiveCfg = Release|Any CPU
		{6190B3E1-E1F5-48F0-94F7-8D3AF3293801}.Release|x86.Build.0 = Release|Any CPU
		{1A1FD06B-5E99-4CA6-8FDC-5796F07B1509}.Debug|Any CPU.ActiveCfg = Debug|Any CPU
		{1A1FD06B-5E99-4CA6-8FDC-5796F07B1509}.Debug|Any CPU.Build.0 = Debug|Any CPU
		{1A1FD06B-5E99-4CA6-8FDC-5796F07B1509}.Debug|x64.ActiveCfg = Debug|Any CPU
		{1A1FD06B-5E99-4CA6-8FDC-5796F07B1509}.Debug|x64.Build.0 = Debug|Any CPU
		{1A1FD06B-5E99-4CA6-8FDC-5796F07B1509}.Debug|x86.ActiveCfg = Debug|Any CPU
		{1A1FD06B-5E99-4CA6-8FDC-5796F07B1509}.Debug|x86.Build.0 = Debug|Any CPU
		{1A1FD06B-5E99-4CA6-8FDC-5796F07B1509}.Release|Any CPU.ActiveCfg = Release|Any CPU
		{1A1FD06B-5E99-4CA6-8FDC-5796F07B1509}.Release|Any CPU.Build.0 = Release|Any CPU
		{1A1FD06B-5E99-4CA6-8FDC-5796F07B1509}.Release|x64.ActiveCfg = Release|Any CPU
		{1A1FD06B-5E99-4CA6-8FDC-5796F07B1509}.Release|x64.Build.0 = Release|Any CPU
		{1A1FD06B-5E99-4CA6-8FDC-5796F07B1509}.Release|x86.ActiveCfg = Release|Any CPU
		{1A1FD06B-5E99-4CA6-8FDC-5796F07B1509}.Release|x86.Build.0 = Release|Any CPU
	EndGlobalSection
	GlobalSection(SolutionProperties) = preSolution
		HideSolutionNode = FALSE
	EndGlobalSection
	GlobalSection(NestedProjects) = preSolution
		{A168FCC5-6F77-4BC2-979C-FF4116B52B95} = {827E0CD3-B72D-47B6-A68D-7590B98EB39B}
		{6190B3E1-E1F5-48F0-94F7-8D3AF3293801} = {827E0CD3-B72D-47B6-A68D-7590B98EB39B}
		{1A1FD06B-5E99-4CA6-8FDC-5796F07B1509} = {827E0CD3-B72D-47B6-A68D-7590B98EB39B}
	EndGlobalSection
EndGlobal
